
Microsoft Visual Studio Solution File, Format Version 12.00
# Visual Studio Version 17
VisualStudioVersion = 17.1.32421.90
MinimumVisualStudioVersion = 10.0.40219.1
Project("{FAE04EC0-301F-11D3-BF4B-00C04F79EFBC}") = "ADOStudent", "ADOStudent.csproj", "{EE8F7EEF-3B15-45FE-9733-809D8FD675E1}"
EndProject
Global
	GlobalSection(SolutionConfigurationPlatforms) = preSolution
		Debug|Any CPU = Debug|Any CPU
		Release|Any CPU = Release|Any CPU
	EndGlobalSection
	GlobalSection(ProjectConfigurationPlatforms) = postSolution
		{EE8F7EEF-3B15-45FE-9733-809D8FD675E1}.Debug|Any CPU.ActiveCfg = Debug|Any CPU
		{EE8F7EEF-3B15-45FE-9733-809D8FD675E1}.Debug|Any CPU.Build.0 = Debug|Any CPU
		{EE8F7EEF-3B15-45FE-9733-809D8FD675E1}.Release|Any CPU.ActiveCfg = Release|Any CPU
		{EE8F7EEF-3B15-45FE-9733-809D8FD675E1}.Release|Any CPU.Build.0 = Release|Any CPU
	EndGlobalSection
	GlobalSection(SolutionProperties) = preSolution
		HideSolutionNode = FALSE
	EndGlobalSection
	GlobalSection(ExtensibilityGlobals) = postSolution
		SolutionGuid = {B91EF96E-EF3B-4B70-BA9A-44F3C82D90E7}
	EndGlobalSection
EndGlobal
